
Microsoft Visual Studio Solution File, Format Version 12.00
# Visual Studio Version 17
VisualStudioVersion = 17.3.32929.385
MinimumVisualStudioVersion = 10.0.40219.1
Project("{FAE04EC0-301F-11D3-BF4B-00C04F79EFBC}") = "WebApiNorthwind", "WebApiNorthwind\WebApiNorthwind.csproj", "{15F7813C-CEF8-4B62-92A8-14BFDF4FC7B2}"
EndProject
Global
	GlobalSection(SolutionConfigurationPlatforms) = preSolution
		Debug|Any CPU = Debug|Any CPU
		Release|Any CPU = Release|Any CPU
	EndGlobalSection
	GlobalSection(ProjectConfigurationPlatforms) = postSolution
		{15F7813C-CEF8-4B62-92A8-14BFDF4FC7B2}.Debug|Any CPU.ActiveCfg = Debug|Any CPU
		{15F7813C-CEF8-4B62-92A8-14BFDF4FC7B2}.Debug|Any CPU.Build.0 = Debug|Any CPU
		{15F7813C-CEF8-4B62-92A8-14BFDF4FC7B2}.Release|Any CPU.ActiveCfg = Release|Any CPU
		{15F7813C-CEF8-4B62-92A8-14BFDF4FC7B2}.Release|Any CPU.Build.0 = Release|Any CPU
	EndGlobalSection
	GlobalSection(SolutionProperties) = preSolution
		HideSolutionNode = FALSE
	EndGlobalSection
	GlobalSection(ExtensibilityGlobals) = postSolution
		SolutionGuid = {7C07C5D6-4BED-4898-B5C5-1F4A07B12714}
	EndGlobalSection
EndGlobal
